PODS:
  - Capable/Colors (1.1.4)
  - CommonDataModelsKit-iOS (1.0.62):
    - SwiftyRSA
    - TapAdditionsKitV2
    - TapCardVlidatorKit-iOS
    - TapKeychain
  - SheetyColors (1.2.1):
    - Capable/Colors (~> 1.1)
  - SwiftyRSA (1.7.0):
    - SwiftyRSA/ObjC (= 1.7.0)
  - SwiftyRSA/ObjC (1.7.0)
  - TapAdditionsKitV2 (0.0.9):
    - TapSwiftFixesV2
  - TapCardVlidatorKit-iOS (1.0.18)
  - TapKeychain (1.0.5)
  - TapSwiftFixesV2 (1.0.0):
    - TapSwiftFixesV2/CoreGraphics (= 1.0.0)
    - TapSwiftFixesV2/Exceptions (= 1.0.0)
    - TapSwiftFixesV2/Threading (= 1.0.0)
  - TapSwiftFixesV2/CoreGraphics (1.0.0)
  - TapSwiftFixesV2/Exceptions (1.0.0)
  - TapSwiftFixesV2/Threading (1.0.0)

DEPENDENCIES:
  - CommonDataModelsKit-iOS
  - SheetyColors
  - TapCardVlidatorKit-iOS

SPEC REPOS:
  trunk:
    - Capable
    - CommonDataModelsKit-iOS
    - SheetyColors
    - SwiftyRSA
    - TapAdditionsKitV2
    - TapCardVlidatorKit-iOS
    - TapKeychain
    - TapSwiftFixesV2

SPEC CHECKSUMS:
  Capable: 9f420f2a80a12144814ea2f0ba196516a0827ca1
  CommonDataModelsKit-iOS: 5a955f36da20d4af0dd74c7a041e5e40e0bbb26d
  SheetyColors: a0273d30ec5ee02536bb43960ba36d58619ae719
  SwiftyRSA: 8c6dd1ea7db1b8dc4fb517a202f88bb1354bc2c6
  TapAdditionsKitV2: 9846381c32b150303cbeff355550d3500a98f77d
  TapCardVlidatorKit-iOS: d0157551ee8ef3827e86a7f7180129a6fcd9521e
  TapKeychain: 143aa70bb2d1b094e0298e944660264034c79849
  TapSwiftFixesV2: a8623a7273c6790b9754ec7e272e96fce7d3a800

PODFILE CHECKSUM: 79680ef15e5de2ede85582527787c43c2fac7a84

COCOAPODS: 1.11.2
